
Microsoft Visual Studio Solution File, Format Version 12.00
# Visual Studio Version 16
VisualStudioVersion = 16.0.29020.237
MinimumVisualStudioVersion = 10.0.40219.1
Project("{FAE04EC0-301F-11D3-BF4B-00C04F79EFBC}") = "SearchTree", "SearchTree\SearchTree.csproj", "{D242D4D6-DA16-4853-87CC-0ED0B86E3937}"
EndProject
Global
	GlobalSection(SolutionConfigurationPlatforms) = preSolution
		Debug|Any CPU = Debug|Any CPU
		Release|Any CPU = Release|Any CPU
	EndGlobalSection
	GlobalSection(ProjectConfigurationPlatforms) = postSolution
		{D242D4D6-DA16-4853-87CC-0ED0B86E3937}.Debug|Any CPU.ActiveCfg = Debug|Any CPU
		{D242D4D6-DA16-4853-87CC-0ED0B86E3937}.Debug|Any CPU.Build.0 = Debug|Any CPU
		{D242D4D6-DA16-4853-87CC-0ED0B86E3937}.Release|Any CPU.ActiveCfg = Release|Any CPU
		{D242D4D6-DA16-4853-87CC-0ED0B86E3937}.Release|Any CPU.Build.0 = Release|Any CPU
	EndGlobalSection
	GlobalSection(SolutionProperties) = preSolution
		HideSolutionNode = FALSE
	EndGlobalSection
	GlobalSection(ExtensibilityGlobals) = postSolution
		SolutionGuid = {6D1EED9B-8EAD-4E7F-9D49-D1F47F2CCC80}
	EndGlobalSection
EndGlobal
